
Microsoft Visual Studio Solution File, Format Version 12.00
# Visual Studio 15
Project("{FAE04EC0-301F-11D3-BF4B-00C04F79EFBC}") = "MiniQuest1New", "MiniQuest1New.csproj", "{6E0296D8-2E8E-2239-198F-CC7CFF4D3BC4}"
EndProject
Global
	GlobalSection(SolutionConfigurationPlatforms) = preSolution
		Debug|Any CPU = Debug|Any CPU
		Release|Any CPU = Release|Any CPU
	EndGlobalSection
	GlobalSection(ProjectConfigurationPlatforms) = postSolution
		{6E0296D8-2E8E-2239-198F-CC7CFF4D3BC4}.Debug|Any CPU.ActiveCfg = Debug|Any CPU
		{6E0296D8-2E8E-2239-198F-CC7CFF4D3BC4}.Debug|Any CPU.Build.0 = Debug|Any CPU
		{6E0296D8-2E8E-2239-198F-CC7CFF4D3BC4}.Release|Any CPU.ActiveCfg = Release|Any CPU
		{6E0296D8-2E8E-2239-198F-CC7CFF4D3BC4}.Release|Any CPU.Build.0 = Release|Any CPU
	EndGlobalSection
	GlobalSection(SolutionProperties) = preSolution
		HideSolutionNode = FALSE
	EndGlobalSection
EndGlobal
